// !$*UTF8*$!
{
	archiveVersion = 1;
	classes = {
	};
	objectVersion = 46;
	objects = {

/* Begin PBXBuildFile section */
		5DAFEB791D4449D800873531 /* AppDelegate.m in Sources */ = {isa = PBXBuildFile; fileRef = 5DAFEB781D4449D800873531 /* AppDelegate.m */; };
		5DAFEB7C1D4449D800873531 /* main.m in Sources */ = {isa = PBXBuildFile; fileRef = 5DAFEB7B1D4449D800873531 /* main.m */; };
		5DAFEB7E1D4449D800873531 /* Assets.xcassets in Resources */ = {isa = PBXBuildFile; fileRef = 5DAFEB7D1D4449D800873531 /* Assets.xcassets */; };
		5DAFEB811D4449D800873531 /* MainMenu.xib in Resources */ = {isa = PBXBuildFile; fileRef = 5DAFEB7F1D4449D800873531 /* MainMenu.xib */; };
		5DAFEB8A1D444A6000873531 /* killer.m in Sources */ = {isa = PBXBuildFile; fileRef = 5DAFEB891D444A6000873531 /* killer.m */; };
		5DAFEB8C1D44506100873531 /* Credits.rtf in Resources */ = {isa = PBXBuildFile; fileRef = 5DAFEB8B1D44506100873531 /* Credits.rtf */; };
/* End PBXBuildFile section */

/* Begin PBXFileReference section */
		5DAFEB741D4449D800873531 /* dieTunes.app */ = {isa = PBXFileReference; explicitFileType = wrapper.application; includeInIndex = 0; path = dieTunes.app; sourceTree = BUILT_PRODUCTS_DIR; };
		5DAFEB771D4449D800873531 /* AppDelegate.h */ = {isa = PBXFileReference; lastKnownFileType = sourcecode.c.h; path = AppDelegate.h; sourceTree = "<group>"; };
		5DAFEB781D4449D800873531 /* AppDelegate.m */ = {isa = PBXFileReference; lastKnownFileType = sourcecode.c.objc; path = AppDelegate.m; sourceTree = "<group>"; };
		5DAFEB7B1D4449D800873531 /* main.m */ = {isa = PBXFileReference; lastKnownFileType = sourcecode.c.objc; path = main.m; sourceTree = "<group>"; };
		5DAFEB7D1D4449D800873531 /* Assets.xcassets */ = {isa = PBXFileReference; lastKnownFileType = folder.assetcatalog; path = Assets.xcassets; sourceTree = "<group>"; };
		5DAFEB801D4449D800873531 /* Base */ = {isa = PBXFileReference; lastKnownFileType = file.xib; name = Base; path = Base.lproj/MainMenu.xib; sourceTree = "<group>"; };
		5DAFEB821D4449D800873531 /* Info.plist */ = {isa = PBXFileReference; lastKnownFileType = text.plist.xml; path = Info.plist; sourceTree = "<group>"; };
		5DAFEB881D444A6000873531 /* killer.h */ = {isa = PBXFileReference; fileEncoding = 4; lastKnownFileType = sourcecode.c.h; path = killer.h; sourceTree = "<group>"; };
		5DAFEB891D444A6000873531 /* killer.m */ = {isa = PBXFileReference; fileEncoding = 4; lastKnownFileType = sourcecode.c.objc; path = killer.m; sourceTree = "<group>"; };
		5DAFEB8B1D44506100873531 /* Credits.rtf */ = {isa = PBXFileReference; fileEncoding = 4; lastKnownFileType = text.rtf; path = Credits.rtf; sourceTree = "<group>"; };
/* End PBXFileReference section */

/* Begin PBXFrameworksBuildPhase section */
		5DAFEB711D4449D800873531 /* Frameworks */ = {
			isa = PBXFrameworksBuildPhase;
			buildActionMask = 2147483647;
			files = (
			);
			runOnlyForDeploymentPostprocessing = 0;
		};
/* End PBXFrameworksBuildPhase section */

/* Begin PBXGroup section */
		5DAFEB6B1D4449D700873531 = {
			isa = PBXGroup;
			children = (
				5DAFEB761D4449D800873531 /* dieTunes */,
				5DAFEB751D4449D800873531 /* Products */,
			);
			sourceTree = "<group>";
		};
		5DAFEB751D4449D800873531 /* Products */ = {
			isa = PBXGroup;
			children = (
				5DAFEB741D4449D800873531 /* dieTunes.app */,
			);
			name = Products;
			sourceTree = "<group>";
		};
		5DAFEB761D4449D800873531 /* dieTunes */ = {
			isa = PBXGroup;
			children = (
				5DAFEB881D444A6000873531 /* killer.h */,
				5DAFEB891D444A6000873531 /* killer.m */,
				5DAFEB771D4449D800873531 /* AppDelegate.h */,
				5DAFEB781D4449D800873531 /* AppDelegate.m */,
				5DAFEB7D1D4449D800873531 /* Assets.xcassets */,
				5DAFEB7F1D4449D800873531 /* MainMenu.xib */,
				5DAFEB821D4449D800873531 /* Info.plist */,
				5DAFEB7A1D4449D800873531 /* Supporting Files */,
			);
			path = dieTunes;
			sourceTree = "<group>";
		};
		5DAFEB7A1D4449D800873531 /* Supporting Files */ = {
			isa = PBXGroup;
			children = (
				5DAFEB8B1D44506100873531 /* Credits.rtf */,
				5DAFEB7B1D4449D800873531 /* main.m */,
			);
			name = "Supporting Files";
			sourceTree = "<group>";
		};
/* End PBXGroup section */

/* Begin PBXNativeTarget section */
		5DAFEB731D4449D800873531 /* dieTunes */ = {
			isa = PBXNativeTarget;
			buildConfigurationList = 5DAFEB851D4449D800873531 /* Build configuration list for PBXNativeTarget "dieTunes" */;
			buildPhases = (
				5DAFEB701D4449D800873531 /* Sources */,
				5DAFEB711D4449D800873531 /* Frameworks */,
				5DAFEB721D4449D800873531 /* Resources */,
			);
			buildRules = (
			);
			dependencies = (
			);
			name = dieTunes;
			productName = dieTunes;
			productReference = 5DAFEB741D4449D800873531 /* dieTunes.app */;
			productType = "com.apple.product-type.application";
		};
/* End PBXNativeTarget section */

/* Begin PBXProject section */
		5DAFEB6C1D4449D700873531 /* Project object */ = {
			isa = PBXProject;
			attributes = {
				LastUpgradeCheck = 0730;
				ORGANIZATIONNAME = "Travis Bickle";
				TargetAttributes = {
					5DAFEB731D4449D800873531 = {
						CreatedOnToolsVersion = 7.3.1;
					};
				};
			};
			buildConfigurationList = 5DAFEB6F1D4449D700873531 /* Build configuration list for PBXProject "dieTunes" */;
			compatibilityVersion = "Xcode 3.2";
			developmentRegion = English;
			hasScannedForEncodings = 0;
			knownRegions = (
				en,
				Base,
			);
			mainGroup = 5DAFEB6B1D4449D700873531;
			productRefGroup = 5DAFEB751D4449D800873531 /* Products */;
			projectDirPath = "";
			projectRoot = "";
			targets = (
				5DAFEB731D4449D800873531 /* dieTunes */,
			);
		};
/* End PBXProject section */

/* Begin PBXResourcesBuildPhase section */
		5DAFEB721D4449D800873531 /* Resources */ = {
			isa = PBXResourcesBuildPhase;
			buildActionMask = 2147483647;
			files = (
				5DAFEB7E1D4449D800873531 /* Assets.xcassets in Resources */,
				5DAFEB8C1D44506100873531 /* Credits.rtf in Resources */,
				5DAFEB811D4449D800873531 /* MainMenu.xib in Resources */,
			);
			runOnlyForDeploymentPostprocessing = 0;
		};
/* End PBXResourcesBuildPhase section */

/* Begin PBXSourcesBuildPhase section */
		5DAFEB701D4449D800873531 /* Sources */ = {
			isa = PBXSourcesBuildPhase;
			buildActionMask = 2147483647;
			files = (
				5DAFEB8A1D444A6000873531 /* killer.m in Sources */,
				5DAFEB7C1D4449D800873531 /* main.m in Sources */,
				5DAFEB791D4449D800873531 /* AppDelegate.m in Sources */,
			);
			runOnlyForDeploymentPostprocessing = 0;
		};
/* End PBXSourcesBuildPhase section */

/* Begin PBXVariantGroup section */
		5DAFEB7F1D4449D800873531 /* MainMenu.xib */ = {
			isa = PBXVariantGroup;
			children = (
				5DAFEB801D4449D800873531 /* Base */,
			);
			name = MainMenu.xib;
			sourceTree = "<group>";
		};
/* End PBXVariantGroup section */

/* Begin XCBuildConfiguration section */
		5DAFEB831D4449D800873531 /* Debug */ = {
			isa = XCBuildConfiguration;
			buildSettings = {
				ALWAYS_SEARCH_USER_PATHS = NO;
				CLANG_ANALYZER_NONNULL = YES;
				CLANG_CXX_LANGUAGE_STANDARD = "gnu++0x";
				CLANG_CXX_LIBRARY = "libc++";
				CLANG_ENABLE_MODULES = YES;
				CLANG_ENABLE_OBJC_ARC = YES;
				CLANG_WARN_BOOL_CONVERSION = YES;
				CLANG_WARN_CONSTANT_CONVERSION = YES;
				CLANG_WARN_DIRECT_OBJC_ISA_USAGE = YES_ERROR;
				CLANG_WARN_EMPTY_BODY = YES;
				CLANG_WARN_ENUM_CONVERSION = YES;
				CLANG_WARN_INT_CONVERSION = YES;
				CLANG_WARN_OBJC_ROOT_CLASS = YES_ERROR;
				CLANG_WARN_UNREACHABLE_CODE = YES;
				CLANG_WARN__DUPLICATE_METHOD_MATCH = YES;
				CODE_SIGN_IDENTITY = "-";
				COPY_PHASE_STRIP = NO;
				DEBUG_INFORMATION_FORMAT = dwarf;
				ENABLE_STRICT_OBJC_MSGSEND = YES;
				ENABLE_TESTABILITY = YES;
				GCC_C_LANGUAGE_STANDARD = gnu99;
				GCC_DYNAMIC_NO_PIC = NO;
				GCC_NO_COMMON_BLOCKS = YES;
				GCC_OPTIMIZATION_LEVEL = 0;
				GCC_PREPROCESSOR_DEFINITIONS = (
					"DEBUG=1",
					"$(inherited)",
				);
				GCC_WARN_64_TO_32_BIT_CONVERSION = YES;
				GCC_WARN_ABOUT_RETURN_TYPE = YES_ERROR;
				GCC_WARN_UNDECLARED_SELECTOR = YES;
				GCC_WARN_UNINITIALIZED_AUTOS = YES_AGGRESSIVE;
				GCC_WARN_UNUSED_FUNCTION = YES;
				GCC_WARN_UNUSED_VARIABLE = YES;
				MACOSX_DEPLOYMENT_TARGET = 10.11;
				MTL_ENABLE_DEBUG_INFO = YES;
				ONLY_ACTIVE_ARCH = YES;
				SDKROOT = macosx;
			};
			name = Debug;
		};
		5DAFEB841D4449D800873531 /* Release */ = {
			isa = XCBuildConfiguration;
			buildSettings = {
				ALWAYS_SEARCH_USER_PATHS = NO;
				CLANG_ANALYZER_NONNULL = YES;
				CLANG_CXX_LANGUAGE_STANDARD = "gnu++0x";
				CLANG_CXX_LIBRARY = "libc++";
				CLANG_ENABLE_MODULES = YES;
				CLANG_ENABLE_OBJC_ARC = YES;
				CLANG_WARN_BOOL_CONVERSION = YES;
				CLANG_WARN_CONSTANT_CONVERSION = YES;
				CLANG_WARN_DIRECT_OBJC_ISA_USAGE = YES_ERROR;
				CLANG_WARN_EMPTY_BODY = YES;
				CLANG_WARN_ENUM_CONVERSION = YES;
				CLANG_WARN_INT_CONVERSION = YES;
				CLANG_WARN_OBJC_ROOT_CLASS = YES_ERROR;
				CLANG_WARN_UNREACHABLE_CODE = YES;
				CLANG_WARN__DUPLICATE_METHOD_MATCH = YES;
				CODE_SIGN_IDENTITY = "-";
				COPY_PHASE_STRIP = NO;
				DEBUG_INFORMATION_FORMAT = "dwarf-with-dsym";
				ENABLE_NS_ASSERTIONS = NO;
				ENABLE_STRICT_OBJC_MSGSEND = YES;
				GCC_C_LANGUAGE_STANDARD = gnu99;
				GCC_NO_COMMON_BLOCKS = YES;
				GCC_WARN_64_TO_32_BIT_CONVERSION = YES;
				GCC_WARN_ABOUT_RETURN_TYPE = YES_ERROR;
				GCC_WARN_UNDECLARED_SELECTOR = YES;
				GCC_WARN_UNINITIALIZED_AUTOS = YES_AGGRESSIVE;
				GCC_WARN_UNUSED_FUNCTION = YES;
				GCC_WARN_UNUSED_VARIABLE = YES;
				MACOSX_DEPLOYMENT_TARGET = 10.11;
				MTL_ENABLE_DEBUG_INFO = NO;
				SDKROOT = macosx;
			};
			name = Release;
		};
		5DAFEB861D4449D800873531 /* Debug */ = {
			isa = XCBuildConfiguration;
			buildSettings = {
				ASSETCATALOG_COMPILER_APPICON_NAME = AppIcon;
				COMBINE_HIDPI_IMAGES = YES;
				INFOPLIST_FILE = dieTunes/Info.plist;
				LD_RUNPATH_SEARCH_PATHS = "$(inherited) @executable_path/../Frameworks";
				PRODUCT_BUNDLE_IDENTIFIER = com.travisbickle.dieTunes;
				PRODUCT_NAME = "$(TARGET_NAME)";
			};
			name = Debug;
		};
		5DAFEB871D4449D800873531 /* Release */ = {
			isa = XCBuildConfiguration;
			buildSettings = {
				ASSETCATALOG_COMPILER_APPICON_NAME = AppIcon;
				COMBINE_HIDPI_IMAGES = YES;
				INFOPLIST_FILE = dieTunes/Info.plist;
				LD_RUNPATH_SEARCH_PATHS = "$(inherited) @executable_path/../Frameworks";
				PRODUCT_BUNDLE_IDENTIFIER = com.travisbickle.dieTunes;
				PRODUCT_NAME = "$(TARGET_NAME)";
			};
			name = Release;
		};
/* End XCBuildConfiguration section */

/* Begin XCConfigurationList section */
		5DAFEB6F1D4449D700873531 /* Build configuration list for PBXProject "dieTunes" */ = {
			isa = XCConfigurationList;
			buildConfigurations = (
				5DAFEB831D4449D800873531 /* Debug */,
				5DAFEB841D4449D800873531 /* Release */,
			);
			defaultConfigurationIsVisible = 0;
			defaultConfigurationName = Release;
		};
		5DAFEB851D4449D800873531 /* Build configuration list for PBXNativeTarget "dieTunes" */ = {
			isa = XCConfigurationList;
			buildConfigurations = (
				5DAFEB861D4449D800873531 /* Debug */,
				5DAFEB871D4449D800873531 /* Release */,
			);
			defaultConfigurationIsVisible = 0;
		};
/* End XCConfigurationList section */
	};
	rootObject = 5DAFEB6C1D4449D700873531 /* Project object */;
}
